
Microsoft Visual Studio Solution File, Format Version 12.00
# Visual Studio Version 17
VisualStudioVersion = 17.7.34024.191
MinimumVisualStudioVersion = 10.0.40219.1
Project("{9A19103F-16F7-4668-BE54-9A1E7A4F7556}") = "Api", "Api\Api.csproj", "{51F69244-0BF8-43D1-8EC6-AF34AAFFC5E3}"
EndProject
Project("{FAE04EC0-301F-11D3-BF4B-00C04F79EFBC}") = "Web", "Web\Web.csproj", "{3E8245EE-F987-4363-AD72-29DEA1525F43}"
EndProject
Global
	GlobalSection(SolutionConfigurationPlatforms) = preSolution
		Debug|Any CPU = Debug|Any CPU
		Release|Any CPU = Release|Any CPU
	EndGlobalSection
	GlobalSection(ProjectConfigurationPlatforms) = postSolution
		{51F69244-0BF8-43D1-8EC6-AF34AAFFC5E3}.Debug|Any CPU.ActiveCfg = Debug|Any CPU
		{51F69244-0BF8-43D1-8EC6-AF34AAFFC5E3}.Debug|Any CPU.Build.0 = Debug|Any CPU
		{51F69244-0BF8-43D1-8EC6-AF34AAFFC5E3}.Release|Any CPU.ActiveCfg = Release|Any CPU
		{51F69244-0BF8-43D1-8EC6-AF34AAFFC5E3}.Release|Any CPU.Build.0 = Release|Any CPU
		{3E8245EE-F987-4363-AD72-29DEA1525F43}.Debug|Any CPU.ActiveCfg = Debug|Any CPU
		{3E8245EE-F987-4363-AD72-29DEA1525F43}.Debug|Any CPU.Build.0 = Debug|Any CPU
		{3E8245EE-F987-4363-AD72-29DEA1525F43}.Release|Any CPU.ActiveCfg = Release|Any CPU
		{3E8245EE-F987-4363-AD72-29DEA1525F43}.Release|Any CPU.Build.0 = Release|Any CPU
	EndGlobalSection
	GlobalSection(SolutionProperties) = preSolution
		HideSolutionNode = FALSE
	EndGlobalSection
	GlobalSection(ExtensibilityGlobals) = postSolution
		SolutionGuid = {0966F7A4-BEF0-46B7-844D-962413BAFEF6}
	EndGlobalSection
EndGlobal
